// !$*UTF8*$!
{
	archiveVersion = 1;
	classes = {
	};
	objectVersion = 55;
	objects = {

/* Begin PBXBuildFile section */
		6700C51A2897F3DD00969E3C /* TopMainBarView.swift in Sources */ = {isa = PBXBuildFile; fileRef = 6700C5192897F3DD00969E3C /* TopMainBarView.swift */; };
		6700C51C2897F69700969E3C /* ReminderListView.swift in Sources */ = {isa = PBXBuildFile; fileRef = 6700C51B2897F69700969E3C /* ReminderListView.swift */; };
		6700C51E2897F7C800969E3C /* ReminderRowView.swift in Sources */ = {isa = PBXBuildFile; fileRef = 6700C51D2897F7C800969E3C /* ReminderRowView.swift */; };
		6700C520289800BA00969E3C /* SideBarStackView.swift in Sources */ = {isa = PBXBuildFile; fileRef = 6700C51F289800BA00969E3C /* SideBarStackView.swift */; };
		6700C5222898010800969E3C /* HamburgerMenuView.swift in Sources */ = {isa = PBXBuildFile; fileRef = 6700C5212898010800969E3C /* HamburgerMenuView.swift */; };
		6700C52E2899292300969E3C /* ReminderDetailView.swift in Sources */ = {isa = PBXBuildFile; fileRef = 6700C52D2899292300969E3C /* ReminderDetailView.swift */; };
		6700C530289929F000969E3C /* ReminderDetailRow.swift in Sources */ = {isa = PBXBuildFile; fileRef = 6700C52F289929F000969E3C /* ReminderDetailRow.swift */; };
		6700C536289965DD00969E3C /* EditReminderView.swift in Sources */ = {isa = PBXBuildFile; fileRef = 6700C535289965DD00969E3C /* EditReminderView.swift */; };
		6700C545289A742600969E3C /* SwipeActions.swift in Sources */ = {isa = PBXBuildFile; fileRef = 6700C540289A742600969E3C /* SwipeActions.swift */; };
		6700C546289A742600969E3C /* MeasureSizeModifier.swift in Sources */ = {isa = PBXBuildFile; fileRef = 6700C542289A742600969E3C /* MeasureSizeModifier.swift */; };
		6700C547289A742600969E3C /* SwipeActionModifier.swift in Sources */ = {isa = PBXBuildFile; fileRef = 6700C543289A742600969E3C /* SwipeActionModifier.swift */; };
		6700C548289A742600969E3C /* ValueChangedModifier.swift in Sources */ = {isa = PBXBuildFile; fileRef = 6700C544289A742600969E3C /* ValueChangedModifier.swift */; };
		6736E6C428927BB30031E15D /* BillReminderApp.swift in Sources */ = {isa = PBXBuildFile; fileRef = 6736E6C328927BB30031E15D /* BillReminderApp.swift */; };
		6736E6C628927BB30031E15D /* ContentView.swift in Sources */ = {isa = PBXBuildFile; fileRef = 6736E6C528927BB30031E15D /* ContentView.swift */; };
		6736E6C828927BB40031E15D /* Assets.xcassets in Resources */ = {isa = PBXBuildFile; fileRef = 6736E6C728927BB40031E15D /* Assets.xcassets */; };
		6736E6CB28927BB40031E15D /* Preview Assets.xcassets in Resources */ = {isa = PBXBuildFile; fileRef = 6736E6CA28927BB40031E15D /* Preview Assets.xcassets */; };
		6736E6CD28927BB40031E15D /* Persistence.swift in Sources */ = {isa = PBXBuildFile; fileRef = 6736E6CC28927BB40031E15D /* Persistence.swift */; };
		6736E6D028927BB40031E15D /* BillReminder.xcdatamodeld in Sources */ = {isa = PBXBuildFile; fileRef = 6736E6CE28927BB40031E15D /* BillReminder.xcdatamodeld */; };
		6736E6D928927CF50031E15D /* AddReminderView.swift in Sources */ = {isa = PBXBuildFile; fileRef = 6736E6D828927CF50031E15D /* AddReminderView.swift */; };
		6736E6DB289286D00031E15D /* CustomTextField.swift in Sources */ = {isa = PBXBuildFile; fileRef = 6736E6DA289286D00031E15D /* CustomTextField.swift */; };
		6736E6DD289288ED0031E15D /* TextFieldRow.swift in Sources */ = {isa = PBXBuildFile; fileRef = 6736E6DC289288ED0031E15D /* TextFieldRow.swift */; };
		6736E6F328928B870031E15D /* Poppins-ExtraLight.ttf in Resources */ = {isa = PBXBuildFile; fileRef = 6736E6E028928B870031E15D /* Poppins-ExtraLight.ttf */; };
		6736E6F428928B870031E15D /* Poppins-ThinItalic.ttf in Resources */ = {isa = PBXBuildFile; fileRef = 6736E6E128928B870031E15D /* Poppins-ThinItalic.ttf */; };
		6736E6F528928B870031E15D /* Poppins-ExtraLightItalic.ttf in Resources */ = {isa = PBXBuildFile; fileRef = 6736E6E228928B870031E15D /* Poppins-ExtraLightItalic.ttf */; };
		6736E6F628928B870031E15D /* Poppins-BoldItalic.ttf in Resources */ = {isa = PBXBuildFile; fileRef = 6736E6E328928B870031E15D /* Poppins-BoldItalic.ttf */; };
		6736E6F728928B870031E15D /* Poppins-Light.ttf in Resources */ = {isa = PBXBuildFile; fileRef = 6736E6E428928B870031E15D /* Poppins-Light.ttf */; };
		6736E6F828928B870031E15D /* Poppins-Medium.ttf in Resources */ = {isa = PBXBuildFile; fileRef = 6736E6E528928B870031E15D /* Poppins-Medium.ttf */; };
		6736E6F928928B870031E15D /* Poppins-SemiBoldItalic.ttf in Resources */ = {isa = PBXBuildFile; fileRef = 6736E6E628928B870031E15D /* Poppins-SemiBoldItalic.ttf */; };
		6736E6FA28928B870031E15D /* Poppins-ExtraBoldItalic.ttf in Resources */ = {isa = PBXBuildFile; fileRef = 6736E6E728928B870031E15D /* Poppins-ExtraBoldItalic.ttf */; };
		6736E6FB28928B870031E15D /* Poppins-ExtraBold.ttf in Resources */ = {isa = PBXBuildFile; fileRef = 6736E6E828928B870031E15D /* Poppins-ExtraBold.ttf */; };
		6736E6FC28928B870031E15D /* Poppins-BlackItalic.ttf in Resources */ = {isa = PBXBuildFile; fileRef = 6736E6E928928B870031E15D /* Poppins-BlackItalic.ttf */; };
		6736E6FD28928B870031E15D /* OFL.txt in Resources */ = {isa = PBXBuildFile; fileRef = 6736E6EA28928B870031E15D /* OFL.txt */; };
		6736E6FE28928B870031E15D /* Poppins-Regular.ttf in Resources */ = {isa = PBXBuildFile; fileRef = 6736E6EB28928B870031E15D /* Poppins-Regular.ttf */; };
		6736E6FF28928B870031E15D /* Poppins-LightItalic.ttf in Resources */ = {isa = PBXBuildFile; fileRef = 6736E6EC28928B870031E15D /* Poppins-LightItalic.ttf */; };
		6736E70028928B870031E15D /* Poppins-Bold.ttf in Resources */ = {isa = PBXBuildFile; fileRef = 6736E6ED28928B870031E15D /* Poppins-Bold.ttf */; };
		6736E70128928B870031E15D /* Poppins-Black.ttf in Resources */ = {isa = PBXBuildFile; fileRef = 6736E6EE28928B870031E15D /* Poppins-Black.ttf */; };
		6736E70228928B870031E15D /* Poppins-Thin.ttf in Resources */ = {isa = PBXBuildFile; fileRef = 6736E6EF28928B870031E15D /* Poppins-Thin.ttf */; };
		6736E70328928B870031E15D /* Poppins-SemiBold.ttf in Resources */ = {isa = PBXBuildFile; fileRef = 6736E6F028928B870031E15D /* Poppins-SemiBold.ttf */; };
		6736E70428928B870031E15D /* Poppins-Italic.ttf in Resources */ = {isa = PBXBuildFile; fileRef = 6736E6F128928B870031E15D /* Poppins-Italic.ttf */; };
		6736E70528928B870031E15D /* Poppins-MediumItalic.ttf in Resources */ = {isa = PBXBuildFile; fileRef = 6736E6F228928B870031E15D /* Poppins-MediumItalic.ttf */; };
		6736E70E2892F5F60031E15D /* TopBackBarView.swift in Sources */ = {isa = PBXBuildFile; fileRef = 6736E70D2892F5F60031E15D /* TopBackBarView.swift */; };
		6736E7102892F6950031E15D /* GlobalVariables.swift in Sources */ = {isa = PBXBuildFile; fileRef = 6736E70F2892F6950031E15D /* GlobalVariables.swift */; };
		6736E7122892FA4A0031E15D /* DoubleSwitchButton.swift in Sources */ = {isa = PBXBuildFile; fileRef = 6736E7112892FA4A0031E15D /* DoubleSwitchButton.swift */; };
		67474775289423AB005F62E4 /* NotificationManager.swift in Sources */ = {isa = PBXBuildFile; fileRef = 67474774289423AB005F62E4 /* NotificationManager.swift */; };
		6747477728942747005F62E4 /* InfoOverlayView.swift in Sources */ = {isa = PBXBuildFile; fileRef = 6747477628942747005F62E4 /* InfoOverlayView.swift */; };
		6756C9BA28A921C2002F74E2 /* MailView.swift in Sources */ = {isa = PBXBuildFile; fileRef = 6756C9B928A921C2002F74E2 /* MailView.swift */; };
		67A12B5B2893C05700760409 /* MainButtonView.swift in Sources */ = {isa = PBXBuildFile; fileRef = 67A12B5A2893C05700760409 /* MainButtonView.swift */; };
/* End PBXBuildFile section */

/* Begin PBXFileReference section */
		6700C5192897F3DD00969E3C /* TopMainBarView.swift */ = {isa = PBXFileReference; lastKnownFileType = sourcecode.swift; path = TopMainBarView.swift; sourceTree = "<group>"; };
		6700C51B2897F69700969E3C /* ReminderListView.swift */ = {isa = PBXFileReference; lastKnownFileType = sourcecode.swift; path = ReminderListView.swift; sourceTree = "<group>"; };
		6700C51D2897F7C800969E3C /* ReminderRowView.swift */ = {isa = PBXFileReference; lastKnownFileType = sourcecode.swift; path = ReminderRowView.swift; sourceTree = "<group>"; };
		6700C51F289800BA00969E3C /* SideBarStackView.swift */ = {isa = PBXFileReference; lastKnownFileType = sourcecode.swift; path = SideBarStackView.swift; sourceTree = "<group>"; };
		6700C5212898010800969E3C /* HamburgerMenuView.swift */ = {isa = PBXFileReference; lastKnownFileType = sourcecode.swift; path = HamburgerMenuView.swift; sourceTree = "<group>"; };
		6700C52D2899292300969E3C /* ReminderDetailView.swift */ = {isa = PBXFileReference; lastKnownFileType = sourcecode.swift; path = ReminderDetailView.swift; sourceTree = "<group>"; };
		6700C52F289929F000969E3C /* ReminderDetailRow.swift */ = {isa = PBXFileReference; lastKnownFileType = sourcecode.swift; path = ReminderDetailRow.swift; sourceTree = "<group>"; };
		6700C535289965DD00969E3C /* EditReminderView.swift */ = {isa = PBXFileReference; lastKnownFileType = sourcecode.swift; path = EditReminderView.swift; sourceTree = "<group>"; };
		6700C540289A742600969E3C /* SwipeActions.swift */ = {isa = PBXFileReference; fileEncoding = 4; lastKnownFileType = sourcecode.swift; path = SwipeActions.swift; sourceTree = "<group>"; };
		6700C542289A742600969E3C /* MeasureSizeModifier.swift */ = {isa = PBXFileReference; fileEncoding = 4; lastKnownFileType = sourcecode.swift; path = MeasureSizeModifier.swift; sourceTree = "<group>"; };
		6700C543289A742600969E3C /* SwipeActionModifier.swift */ = {isa = PBXFileReference; fileEncoding = 4; lastKnownFileType = sourcecode.swift; path = SwipeActionModifier.swift; sourceTree = "<group>"; };
		6700C544289A742600969E3C /* ValueChangedModifier.swift */ = {isa = PBXFileReference; fileEncoding = 4; lastKnownFileType = sourcecode.swift; path = ValueChangedModifier.swift; sourceTree = "<group>"; };
		6736E6C028927BB30031E15D /* BillReminder.app */ = {isa = PBXFileReference; explicitFileType = wrapper.application; includeInIndex = 0; path = BillReminder.app; sourceTree = BUILT_PRODUCTS_DIR; };
		6736E6C328927BB30031E15D /* BillReminderApp.swift */ = {isa = PBXFileReference; lastKnownFileType = sourcecode.swift; path = BillReminderApp.swift; sourceTree = "<group>"; };
		6736E6C528927BB30031E15D /* ContentView.swift */ = {isa = PBXFileReference; lastKnownFileType = sourcecode.swift; path = ContentView.swift; sourceTree = "<group>"; };
		6736E6C728927BB40031E15D /* Assets.xcassets */ = {isa = PBXFileReference; lastKnownFileType = folder.assetcatalog; path = Assets.xcassets; sourceTree = "<group>"; };
		6736E6CA28927BB40031E15D /* Preview Assets.xcassets */ = {isa = PBXFileReference; lastKnownFileType = folder.assetcatalog; path = "Preview Assets.xcassets"; sourceTree = "<group>"; };
		6736E6CC28927BB40031E15D /* Persistence.swift */ = {isa = PBXFileReference; lastKnownFileType = sourcecode.swift; path = Persistence.swift; sourceTree = "<group>"; };
		6736E6CF28927BB40031E15D /* BillReminder.xcdatamodel */ = {isa = PBXFileReference; lastKnownFileType = wrapper.xcdatamodel; path = BillReminder.xcdatamodel; sourceTree = "<group>"; };
		6736E6D828927CF50031E15D /* AddReminderView.swift */ = {isa = PBXFileReference; lastKnownFileType = sourcecode.swift; path = AddReminderView.swift; sourceTree = "<group>"; };
		6736E6DA289286D00031E15D /* CustomTextField.swift */ = {isa = PBXFileReference; lastKnownFileType = sourcecode.swift; path = CustomTextField.swift; sourceTree = "<group>"; };
		6736E6DC289288ED0031E15D /* TextFieldRow.swift */ = {isa = PBXFileReference; lastKnownFileType = sourcecode.swift; path = TextFieldRow.swift; sourceTree = "<group>"; };
		6736E6E028928B870031E15D /* Poppins-ExtraLight.ttf */ = {isa = PBXFileReference; lastKnownFileType = file; path = "Poppins-ExtraLight.ttf"; sourceTree = "<group>"; };
		6736E6E128928B870031E15D /* Poppins-ThinItalic.ttf */ = {isa = PBXFileReference; lastKnownFileType = file; path = "Poppins-ThinItalic.ttf"; sourceTree = "<group>"; };
		6736E6E228928B870031E15D /* Poppins-ExtraLightItalic.ttf */ = {isa = PBXFileReference; lastKnownFileType = file; path = "Poppins-ExtraLightItalic.ttf"; sourceTree = "<group>"; };
		6736E6E328928B870031E15D /* Poppins-BoldItalic.ttf */ = {isa = PBXFileReference; lastKnownFileType = file; path = "Poppins-BoldItalic.ttf"; sourceTree = "<group>"; };
		6736E6E428928B870031E15D /* Poppins-Light.ttf */ = {isa = PBXFileReference; lastKnownFileType = file; path = "Poppins-Light.ttf"; sourceTree = "<group>"; };
		6736E6E528928B870031E15D /* Poppins-Medium.ttf */ = {isa = PBXFileReference; lastKnownFileType = file; path = "Poppins-Medium.ttf"; sourceTree = "<group>"; };
		6736E6E628928B870031E15D /* Poppins-SemiBoldItalic.ttf */ = {isa = PBXFileReference; lastKnownFileType = file; path = "Poppins-SemiBoldItalic.ttf"; sourceTree = "<group>"; };
		6736E6E728928B870031E15D /* Poppins-ExtraBoldItalic.ttf */ = {isa = PBXFileReference; lastKnownFileType = file; path = "Poppins-ExtraBoldItalic.ttf"; sourceTree = "<group>"; };
		6736E6E828928B870031E15D /* Poppins-ExtraBold.ttf */ = {isa = PBXFileReference; lastKnownFileType = file; path = "Poppins-ExtraBold.ttf"; sourceTree = "<group>"; };
		6736E6E928928B870031E15D /* Poppins-BlackItalic.ttf */ = {isa = PBXFileReference; lastKnownFileType = file; path = "Poppins-BlackItalic.ttf"; sourceTree = "<group>"; };
		6736E6EA28928B870031E15D /* OFL.txt */ = {isa = PBXFileReference; fileEncoding = 4; lastKnownFileType = text; path = OFL.txt; sourceTree = "<group>"; };
		6736E6EB28928B870031E15D /* Poppins-Regular.ttf */ = {isa = PBXFileReference; lastKnownFileType = file; path = "Poppins-Regular.ttf"; sourceTree = "<group>"; };
		6736E6EC28928B870031E15D /* Poppins-LightItalic.ttf */ = {isa = PBXFileReference; lastKnownFileType = file; path = "Poppins-LightItalic.ttf"; sourceTree = "<group>"; };
		6736E6ED28928B870031E15D /* Poppins-Bold.ttf */ = {isa = PBXFileReference; lastKnownFileType = file; path = "Poppins-Bold.ttf"; sourceTree = "<group>"; };
		6736E6EE28928B870031E15D /* Poppins-Black.ttf */ = {isa = PBXFileReference; lastKnownFileType = file; path = "Poppins-Black.ttf"; sourceTree = "<group>"; };
		6736E6EF28928B870031E15D /* Poppins-Thin.ttf */ = {isa = PBXFileReference; lastKnownFileType = file; path = "Poppins-Thin.ttf"; sourceTree = "<group>"; };
		6736E6F028928B870031E15D /* Poppins-SemiBold.ttf */ = {isa = PBXFileReference; lastKnownFileType = file; path = "Poppins-SemiBold.ttf"; sourceTree = "<group>"; };
		6736E6F128928B870031E15D /* Poppins-Italic.ttf */ = {isa = PBXFileReference; lastKnownFileType = file; path = "Poppins-Italic.ttf"; sourceTree = "<group>"; };
		6736E6F228928B870031E15D /* Poppins-MediumItalic.ttf */ = {isa = PBXFileReference; lastKnownFileType = file; path = "Poppins-MediumItalic.ttf"; sourceTree = "<group>"; };
		6736E70B28928D0F0031E15D /* Info.plist */ = {isa = PBXFileReference; fileEncoding = 4; lastKnownFileType = text.plist.xml; path = Info.plist; sourceTree = "<group>"; };
		6736E70D2892F5F60031E15D /* TopBackBarView.swift */ = {isa = PBXFileReference; lastKnownFileType = sourcecode.swift; path = TopBackBarView.swift; sourceTree = "<group>"; };
		6736E70F2892F6950031E15D /* GlobalVariables.swift */ = {isa = PBXFileReference; lastKnownFileType = sourcecode.swift; path = GlobalVariables.swift; sourceTree = "<group>"; };
		6736E7112892FA4A0031E15D /* DoubleSwitchButton.swift */ = {isa = PBXFileReference; lastKnownFileType = sourcecode.swift; path = DoubleSwitchButton.swift; sourceTree = "<group>"; };
		67474774289423AB005F62E4 /* NotificationManager.swift */ = {isa = PBXFileReference; lastKnownFileType = sourcecode.swift; path = NotificationManager.swift; sourceTree = "<group>"; };
		6747477628942747005F62E4 /* InfoOverlayView.swift */ = {isa = PBXFileReference; lastKnownFileType = sourcecode.swift; path = InfoOverlayView.swift; sourceTree = "<group>"; };
		6756C9B928A921C2002F74E2 /* MailView.swift */ = {isa = PBXFileReference; lastKnownFileType = sourcecode.swift; path = MailView.swift; sourceTree = "<group>"; };
		67A12B5A2893C05700760409 /* MainButtonView.swift */ = {isa = PBXFileReference; lastKnownFileType = sourcecode.swift; path = MainButtonView.swift; sourceTree = "<group>"; };
/* End PBXFileReference section */

/* Begin PBXFrameworksBuildPhase section */
		6736E6BD28927BB30031E15D /* Frameworks */ = {
			isa = PBXFrameworksBuildPhase;
			buildActionMask = 2147483647;
			files = (
			);
			runOnlyForDeploymentPostprocessing = 0;
		};
/* End PBXFrameworksBuildPhase section */

/* Begin PBXGroup section */
		6700C53F289A742600969E3C /* SwipeActions */ = {
			isa = PBXGroup;
			children = (
				6700C540289A742600969E3C /* SwipeActions.swift */,
				6700C541289A742600969E3C /* ViewModifiers */,
			);
			path = SwipeActions;
			sourceTree = "<group>";
		};
		6700C541289A742600969E3C /* ViewModifiers */ = {
			isa = PBXGroup;
			children = (
				6700C542289A742600969E3C /* MeasureSizeModifier.swift */,
				6700C543289A742600969E3C /* SwipeActionModifier.swift */,
				6700C544289A742600969E3C /* ValueChangedModifier.swift */,
			);
			path = ViewModifiers;
			sourceTree = "<group>";
		};
		6736E6B728927BB30031E15D = {
			isa = PBXGroup;
			children = (
				6736E6DE28928B870031E15D /* Fonts */,
				6736E6C228927BB30031E15D /* BillReminder */,
				6736E6C128927BB30031E15D /* Products */,
			);
			sourceTree = "<group>";
		};
		6736E6C128927BB30031E15D /* Products */ = {
			isa = PBXGroup;
			children = (
				6736E6C028927BB30031E15D /* BillReminder.app */,
			);
			name = Products;
			sourceTree = "<group>";
		};
		6736E6C228927BB30031E15D /* BillReminder */ = {
			isa = PBXGroup;
			children = (
				67A12B572893B42E00760409 /* Utils */,
				67A12B562893B40A00760409 /* View */,
				6736E6C328927BB30031E15D /* BillReminderApp.swift */,
				6736E6C728927BB40031E15D /* Assets.xcassets */,
				6736E70B28928D0F0031E15D /* Info.plist */,
				6736E6CC28927BB40031E15D /* Persistence.swift */,
				6736E6CE28927BB40031E15D /* BillReminder.xcdatamodeld */,
				6736E6C928927BB40031E15D /* Preview Content */,
			);
			path = BillReminder;
			sourceTree = "<group>";
		};
		6736E6C928927BB40031E15D /* Preview Content */ = {
			isa = PBXGroup;
			children = (
				6736E6CA28927BB40031E15D /* Preview Assets.xcassets */,
			);
			path = "Preview Content";
			sourceTree = "<group>";
		};
		6736E6DE28928B870031E15D /* Fonts */ = {
			isa = PBXGroup;
			children = (
				6736E6DF28928B870031E15D /* Poppins */,
			);
			path = Fonts;
			sourceTree = "<group>";
		};
		6736E6DF28928B870031E15D /* Poppins */ = {
			isa = PBXGroup;
			children = (
				6736E6E028928B870031E15D /* Poppins-ExtraLight.ttf */,
				6736E6E128928B870031E15D /* Poppins-ThinItalic.ttf */,
				6736E6E228928B870031E15D /* Poppins-ExtraLightItalic.ttf */,
				6736E6E328928B870031E15D /* Poppins-BoldItalic.ttf */,
				6736E6E428928B870031E15D /* Poppins-Light.ttf */,
				6736E6E528928B870031E15D /* Poppins-Medium.ttf */,
				6736E6E628928B870031E15D /* Poppins-SemiBoldItalic.ttf */,
				6736E6E728928B870031E15D /* Poppins-ExtraBoldItalic.ttf */,
				6736E6E828928B870031E15D /* Poppins-ExtraBold.ttf */,
				6736E6E928928B870031E15D /* Poppins-BlackItalic.ttf */,
				6736E6EA28928B870031E15D /* OFL.txt */,
				6736E6EB28928B870031E15D /* Poppins-Regular.ttf */,
				6736E6EC28928B870031E15D /* Poppins-LightItalic.ttf */,
				6736E6ED28928B870031E15D /* Poppins-Bold.ttf */,
				6736E6EE28928B870031E15D /* Poppins-Black.ttf */,
				6736E6EF28928B870031E15D /* Poppins-Thin.ttf */,
				6736E6F028928B870031E15D /* Poppins-SemiBold.ttf */,
				6736E6F128928B870031E15D /* Poppins-Italic.ttf */,
				6736E6F228928B870031E15D /* Poppins-MediumItalic.ttf */,
			);
			path = Poppins;
			sourceTree = "<group>";
		};
		67A12B562893B40A00760409 /* View */ = {
			isa = PBXGroup;
			children = (
				6736E6C528927BB30031E15D /* ContentView.swift */,
				6700C5212898010800969E3C /* HamburgerMenuView.swift */,
				6700C51B2897F69700969E3C /* ReminderListView.swift */,
				6700C51D2897F7C800969E3C /* ReminderRowView.swift */,
				6700C52D2899292300969E3C /* ReminderDetailView.swift */,
				6700C52F289929F000969E3C /* ReminderDetailRow.swift */,
				6700C535289965DD00969E3C /* EditReminderView.swift */,
				6736E6D828927CF50031E15D /* AddReminderView.swift */,
			);
			path = View;
			sourceTree = "<group>";
		};
		67A12B572893B42E00760409 /* Utils */ = {
			isa = PBXGroup;
			children = (
				6700C53F289A742600969E3C /* SwipeActions */,
				6736E70F2892F6950031E15D /* GlobalVariables.swift */,
				67474774289423AB005F62E4 /* NotificationManager.swift */,
				6747477628942747005F62E4 /* InfoOverlayView.swift */,
				67A12B592893B43E00760409 /* View */,
			);
			path = Utils;
			sourceTree = "<group>";
		};
		67A12B592893B43E00760409 /* View */ = {
			isa = PBXGroup;
			children = (
				6700C5192897F3DD00969E3C /* TopMainBarView.swift */,
				6736E70D2892F5F60031E15D /* TopBackBarView.swift */,
				6736E6DC289288ED0031E15D /* TextFieldRow.swift */,
				6736E6DA289286D00031E15D /* CustomTextField.swift */,
				6736E7112892FA4A0031E15D /* DoubleSwitchButton.swift */,
				67A12B5A2893C05700760409 /* MainButtonView.swift */,
				6700C51F289800BA00969E3C /* SideBarStackView.swift */,
				6756C9B928A921C2002F74E2 /* MailView.swift */,
			);
			path = View;
			sourceTree = "<group>";
		};
/* End PBXGroup section */

/* Begin PBXNativeTarget section */
		6736E6BF28927BB30031E15D /* BillReminder */ = {
			isa = PBXNativeTarget;
			buildConfigurationList = 6736E6D328927BB40031E15D /* Build configuration list for PBXNativeTarget "BillReminder" */;
			buildPhases = (
				6736E6BC28927BB30031E15D /* Sources */,
				6736E6BD28927BB30031E15D /* Frameworks */,
				6736E6BE28927BB30031E15D /* Resources */,
			);
			buildRules = (
			);
			dependencies = (
			);
			name = BillReminder;
			packageProductDependencies = (
			);
			productName = BillReminder;
			productReference = 6736E6C028927BB30031E15D /* BillReminder.app */;
			productType = "com.apple.product-type.application";
		};
/* End PBXNativeTarget section */

/* Begin PBXProject section */
		6736E6B828927BB30031E15D /* Project object */ = {
			isa = PBXProject;
			attributes = {
				BuildIndependentTargetsInParallel = 1;
				LastSwiftUpdateCheck = 1340;
				LastUpgradeCheck = 1340;
				TargetAttributes = {
					6736E6BF28927BB30031E15D = {
						CreatedOnToolsVersion = 13.4.1;
					};
				};
			};
			buildConfigurationList = 6736E6BB28927BB30031E15D /* Build configuration list for PBXProject "BillReminder" */;
			compatibilityVersion = "Xcode 13.0";
			developmentRegion = en;
			hasScannedForEncodings = 0;
			knownRegions = (
				en,
				Base,
			);
			mainGroup = 6736E6B728927BB30031E15D;
			packageReferences = (
			);
			productRefGroup = 6736E6C128927BB30031E15D /* Products */;
			projectDirPath = "";
			projectRoot = "";
			targets = (
				6736E6BF28927BB30031E15D /* BillReminder */,
			);
		};
/* End PBXProject section */

/* Begin PBXResourcesBuildPhase section */
		6736E6BE28927BB30031E15D /* Resources */ = {
			isa = PBXResourcesBuildPhase;
			buildActionMask = 2147483647;
			files = (
				6736E6F728928B870031E15D /* Poppins-Light.ttf in Resources */,
				6736E70128928B870031E15D /* Poppins-Black.ttf in Resources */,
				6736E6FF28928B870031E15D /* Poppins-LightItalic.ttf in Resources */,
				6736E70228928B870031E15D /* Poppins-Thin.ttf in Resources */,
				6736E6F328928B870031E15D /* Poppins-ExtraLight.ttf in Resources */,
				6736E70328928B870031E15D /* Poppins-SemiBold.ttf in Resources */,
				6736E70028928B870031E15D /* Poppins-Bold.ttf in Resources */,
				6736E6F428928B870031E15D /* Poppins-ThinItalic.ttf in Resources */,
				6736E6F528928B870031E15D /* Poppins-ExtraLightItalic.ttf in Resources */,
				6736E6FC28928B870031E15D /* Poppins-BlackItalic.ttf in Resources */,
				6736E6FA28928B870031E15D /* Poppins-ExtraBoldItalic.ttf in Resources */,
				6736E6F628928B870031E15D /* Poppins-BoldItalic.ttf in Resources */,
				6736E6F928928B870031E15D /* Poppins-SemiBoldItalic.ttf in Resources */,
				6736E6FD28928B870031E15D /* OFL.txt in Resources */,
				6736E6FE28928B870031E15D /* Poppins-Regular.ttf in Resources */,
				6736E6FB28928B870031E15D /* Poppins-ExtraBold.ttf in Resources */,
				6736E6F828928B870031E15D /* Poppins-Medium.ttf in Resources */,
				6736E6CB28927BB40031E15D /* Preview Assets.xcassets in Resources */,
				6736E70428928B870031E15D /* Poppins-Italic.ttf in Resources */,
				6736E70528928B870031E15D /* Poppins-MediumItalic.ttf in Resources */,
				6736E6C828927BB40031E15D /* Assets.xcassets in Resources */,
			);
			runOnlyForDeploymentPostprocessing = 0;
		};
/* End PBXResourcesBuildPhase section */

/* Begin PBXSourcesBuildPhase section */
		6736E6BC28927BB30031E15D /* Sources */ = {
			isa = PBXSourcesBuildPhase;
			buildActionMask = 2147483647;
			files = (
				6700C548289A742600969E3C /* ValueChangedModifier.swift in Sources */,
				6736E6CD28927BB40031E15D /* Persistence.swift in Sources */,
				6700C547289A742600969E3C /* SwipeActionModifier.swift in Sources */,
				6700C520289800BA00969E3C /* SideBarStackView.swift in Sources */,
				6700C51C2897F69700969E3C /* ReminderListView.swift in Sources */,
				6700C52E2899292300969E3C /* ReminderDetailView.swift in Sources */,
				6700C545289A742600969E3C /* SwipeActions.swift in Sources */,
				6736E6C628927BB30031E15D /* ContentView.swift in Sources */,
				6736E6D928927CF50031E15D /* AddReminderView.swift in Sources */,
				67A12B5B2893C05700760409 /* MainButtonView.swift in Sources */,
				6736E70E2892F5F60031E15D /* TopBackBarView.swift in Sources */,
				6756C9BA28A921C2002F74E2 /* MailView.swift in Sources */,
				6700C51E2897F7C800969E3C /* ReminderRowView.swift in Sources */,
				6700C5222898010800969E3C /* HamburgerMenuView.swift in Sources */,
				6736E7102892F6950031E15D /* GlobalVariables.swift in Sources */,
				67474775289423AB005F62E4 /* NotificationManager.swift in Sources */,
				6700C546289A742600969E3C /* MeasureSizeModifier.swift in Sources */,
				6700C530289929F000969E3C /* ReminderDetailRow.swift in Sources */,
				6736E6DB289286D00031E15D /* CustomTextField.swift in Sources */,
				6700C536289965DD00969E3C /* EditReminderView.swift in Sources */,
				6747477728942747005F62E4 /* InfoOverlayView.swift in Sources */,
				6700C51A2897F3DD00969E3C /* TopMainBarView.swift in Sources */,
				6736E6D028927BB40031E15D /* BillReminder.xcdatamodeld in Sources */,
				6736E6DD289288ED0031E15D /* TextFieldRow.swift in Sources */,
				6736E7122892FA4A0031E15D /* DoubleSwitchButton.swift in Sources */,
				6736E6C428927BB30031E15D /* BillReminderApp.swift in Sources */,
			);
			runOnlyForDeploymentPostprocessing = 0;
		};
/* End PBXSourcesBuildPhase section */

/* Begin XCBuildConfiguration section */
		6736E6D128927BB40031E15D /* Debug */ = {
			isa = XCBuildConfiguration;
			buildSettings = {
				ALWAYS_SEARCH_USER_PATHS = NO;
				CLANG_ANALYZER_NONNULL = YES;
				CLANG_ANALYZER_NUMBER_OBJECT_CONVERSION = YES_AGGRESSIVE;
				CLANG_CXX_LANGUAGE_STANDARD = "gnu++17";
				CLANG_ENABLE_MODULES = YES;
				CLANG_ENABLE_OBJC_ARC = YES;
				CLANG_ENABLE_OBJC_WEAK = YES;
				CLANG_WARN_BLOCK_CAPTURE_AUTORELEASING = YES;
				CLANG_WARN_BOOL_CONVERSION = YES;
				CLANG_WARN_COMMA = YES;
				CLANG_WARN_CONSTANT_CONVERSION = YES;
				CLANG_WARN_DEPRECATED_OBJC_IMPLEMENTATIONS = YES;
				CLANG_WARN_DIRECT_OBJC_ISA_USAGE = YES_ERROR;
				CLANG_WARN_DOCUMENTATION_COMMENTS = YES;
				CLANG_WARN_EMPTY_BODY = YES;
				CLANG_WARN_ENUM_CONVERSION = YES;
				CLANG_WARN_INFINITE_RECURSION = YES;
				CLANG_WARN_INT_CONVERSION = YES;
				CLANG_WARN_NON_LITERAL_NULL_CONVERSION = YES;
				CLANG_WARN_OBJC_IMPLICIT_RETAIN_SELF = YES;
				CLANG_WARN_OBJC_LITERAL_CONVERSION = YES;
				CLANG_WARN_OBJC_ROOT_CLASS = YES_ERROR;
				CLANG_WARN_QUOTED_INCLUDE_IN_FRAMEWORK_HEADER = YES;
				CLANG_WARN_RANGE_LOOP_ANALYSIS = YES;
				CLANG_WARN_STRICT_PROTOTYPES = YES;
				CLANG_WARN_SUSPICIOUS_MOVE = YES;
				CLANG_WARN_UNGUARDED_AVAILABILITY = YES_AGGRESSIVE;
				CLANG_WARN_UNREACHABLE_CODE = YES;
				CLANG_WARN__DUPLICATE_METHOD_MATCH = YES;
				COPY_PHASE_STRIP = NO;
				DEBUG_INFORMATION_FORMAT = dwarf;
				ENABLE_STRICT_OBJC_MSGSEND = YES;
				ENABLE_TESTABILITY = YES;
				GCC_C_LANGUAGE_STANDARD = gnu11;
				GCC_DYNAMIC_NO_PIC = NO;
				GCC_NO_COMMON_BLOCKS = YES;
				GCC_OPTIMIZATION_LEVEL = 0;
				GCC_PREPROCESSOR_DEFINITIONS = (
					"DEBUG=1",
					"$(inherited)",
				);
				GCC_WARN_64_TO_32_BIT_CONVERSION = YES;
				GCC_WARN_ABOUT_RETURN_TYPE = YES_ERROR;
				GCC_WARN_UNDECLARED_SELECTOR = YES;
				GCC_WARN_UNINITIALIZED_AUTOS = YES_AGGRESSIVE;
				GCC_WARN_UNUSED_FUNCTION = YES;
				GCC_WARN_UNUSED_VARIABLE = YES;
				IPHONEOS_DEPLOYMENT_TARGET = 15.0;
				MTL_ENABLE_DEBUG_INFO = INCLUDE_SOURCE;
				MTL_FAST_MATH = YES;
				ONLY_ACTIVE_ARCH = YES;
				SDKROOT = iphoneos;
				SWIFT_ACTIVE_COMPILATION_CONDITIONS = DEBUG;
				SWIFT_OPTIMIZATION_LEVEL = "-Onone";
			};
			name = Debug;
		};
		6736E6D228927BB40031E15D /* Release */ = {
			isa = XCBuildConfiguration;
			buildSettings = {
				ALWAYS_SEARCH_USER_PATHS = NO;
				CLANG_ANALYZER_NONNULL = YES;
				CLANG_ANALYZER_NUMBER_OBJECT_CONVERSION = YES_AGGRESSIVE;
				CLANG_CXX_LANGUAGE_STANDARD = "gnu++17";
				CLANG_ENABLE_MODULES = YES;
				CLANG_ENABLE_OBJC_ARC = YES;
				CLANG_ENABLE_OBJC_WEAK = YES;
				CLANG_WARN_BLOCK_CAPTURE_AUTORELEASING = YES;
				CLANG_WARN_BOOL_CONVERSION = YES;
				CLANG_WARN_COMMA = YES;
				CLANG_WARN_CONSTANT_CONVERSION = YES;
				CLANG_WARN_DEPRECATED_OBJC_IMPLEMENTATIONS = YES;
				CLANG_WARN_DIRECT_OBJC_ISA_USAGE = YES_ERROR;
				CLANG_WARN_DOCUMENTATION_COMMENTS = YES;
				CLANG_WARN_EMPTY_BODY = YES;
				CLANG_WARN_ENUM_CONVERSION = YES;
				CLANG_WARN_INFINITE_RECURSION = YES;
				CLANG_WARN_INT_CONVERSION = YES;
				CLANG_WARN_NON_LITERAL_NULL_CONVERSION = YES;
				CLANG_WARN_OBJC_IMPLICIT_RETAIN_SELF = YES;
				CLANG_WARN_OBJC_LITERAL_CONVERSION = YES;
				CLANG_WARN_OBJC_ROOT_CLASS = YES_ERROR;
				CLANG_WARN_QUOTED_INCLUDE_IN_FRAMEWORK_HEADER = YES;
				CLANG_WARN_RANGE_LOOP_ANALYSIS = YES;
				CLANG_WARN_STRICT_PROTOTYPES = YES;
				CLANG_WARN_SUSPICIOUS_MOVE = YES;
				CLANG_WARN_UNGUARDED_AVAILABILITY = YES_AGGRESSIVE;
				CLANG_WARN_UNREACHABLE_CODE = YES;
				CLANG_WARN__DUPLICATE_METHOD_MATCH = YES;
				COPY_PHASE_STRIP = NO;
				DEBUG_INFORMATION_FORMAT = "dwarf-with-dsym";
				ENABLE_NS_ASSERTIONS = NO;
				ENABLE_STRICT_OBJC_MSGSEND = YES;
				GCC_C_LANGUAGE_STANDARD = gnu11;
				GCC_NO_COMMON_BLOCKS = YES;
				GCC_WARN_64_TO_32_BIT_CONVERSION = YES;
				GCC_WARN_ABOUT_RETURN_TYPE = YES_ERROR;
				GCC_WARN_UNDECLARED_SELECTOR = YES;
				GCC_WARN_UNINITIALIZED_AUTOS = YES_AGGRESSIVE;
				GCC_WARN_UNUSED_FUNCTION = YES;
				GCC_WARN_UNUSED_VARIABLE = YES;
				IPHONEOS_DEPLOYMENT_TARGET = 15.0;
				MTL_ENABLE_DEBUG_INFO = NO;
				MTL_FAST_MATH = YES;
				SDKROOT = iphoneos;
				SWIFT_COMPILATION_MODE = wholemodule;
				SWIFT_OPTIMIZATION_LEVEL = "-O";
				VALIDATE_PRODUCT = YES;
			};
			name = Release;
		};
		6736E6D428927BB40031E15D /* Debug */ = {
			isa = XCBuildConfiguration;
			buildSettings = {
				ASSETCATALOG_COMPILER_APPICON_NAME = AppIcon;
				ASSETCATALOG_COMPILER_GLOBAL_ACCENT_COLOR_NAME = AccentColor;
				CODE_SIGN_STYLE = Automatic;
				CURRENT_PROJECT_VERSION = 1;
				DEVELOPMENT_ASSET_PATHS = "\"BillReminder/Preview Content\"";
				DEVELOPMENT_TEAM = 52SG46DL66;
				ENABLE_PREVIEWS = YES;
				GENERATE_INFOPLIST_FILE = YES;
				INFOPLIST_FILE = BillReminder/Info.plist;
				INFOPLIST_KEY_UIApplicationSceneManifest_Generation = YES;
				INFOPLIST_KEY_UIApplicationSupportsIndirectInputEvents = YES;
				INFOPLIST_KEY_UILaunchScreen_Generation = YES;
				INFOPLIST_KEY_UISupportedInterfaceOrientations_iPad = "UIInterfaceOrientationPortrait UIInterfaceOrientationPortraitUpsideDown UIInterfaceOrientationLandscapeLeft UIInterfaceOrientationLandscapeRight";
				INFOPLIST_KEY_UISupportedInterfaceOrientations_iPhone = "UIInterfaceOrientationPortrait UIInterfaceOrientationLandscapeLeft UIInterfaceOrientationLandscapeRight";
				LD_RUNPATH_SEARCH_PATHS = (
					"$(inherited)",
					"@executable_path/Frameworks",
				);
				MARKETING_VERSION = 1.1;
				PRODUCT_BUNDLE_IDENTIFIER = com.KutayYILMAZ.BillReminder;
				PRODUCT_NAME = "$(TARGET_NAME)";
				SWIFT_EMIT_LOC_STRINGS = YES;
				SWIFT_VERSION = 5.0;
				TARGETED_DEVICE_FAMILY = "1,2";
			};
			name = Debug;
		};
		6736E6D528927BB40031E15D /* Release */ = {
			isa = XCBuildConfiguration;
			buildSettings = {
				ASSETCATALOG_COMPILER_APPICON_NAME = AppIcon;
				ASSETCATALOG_COMPILER_GLOBAL_ACCENT_COLOR_NAME = AccentColor;
				CODE_SIGN_STYLE = Automatic;
				CURRENT_PROJECT_VERSION = 1;
				DEVELOPMENT_ASSET_PATHS = "\"BillReminder/Preview Content\"";
				DEVELOPMENT_TEAM = 52SG46DL66;
				ENABLE_PREVIEWS = YES;
				GENERATE_INFOPLIST_FILE = YES;
				INFOPLIST_FILE = BillReminder/Info.plist;
				INFOPLIST_KEY_UIApplicationSceneManifest_Generation = YES;
				INFOPLIST_KEY_UIApplicationSupportsIndirectInputEvents = YES;
				INFOPLIST_KEY_UILaunchScreen_Generation = YES;
				INFOPLIST_KEY_UISupportedInterfaceOrientations_iPad = "UIInterfaceOrientationPortrait UIInterfaceOrientationPortraitUpsideDown UIInterfaceOrientationLandscapeLeft UIInterfaceOrientationLandscapeRight";
				INFOPLIST_KEY_UISupportedInterfaceOrientations_iPhone = "UIInterfaceOrientationPortrait UIInterfaceOrientationLandscapeLeft UIInterfaceOrientationLandscapeRight";
				LD_RUNPATH_SEARCH_PATHS = (
					"$(inherited)",
					"@executable_path/Frameworks",
				);
				MARKETING_VERSION = 1.1;
				PRODUCT_BUNDLE_IDENTIFIER = com.KutayYILMAZ.BillReminder;
				PRODUCT_NAME = "$(TARGET_NAME)";
				SWIFT_EMIT_LOC_STRINGS = YES;
				SWIFT_VERSION = 5.0;
				TARGETED_DEVICE_FAMILY = "1,2";
			};
			name = Release;
		};
/* End XCBuildConfiguration section */

/* Begin XCConfigurationList section */
		6736E6BB28927BB30031E15D /* Build configuration list for PBXProject "BillReminder" */ = {
			isa = XCConfigurationList;
			buildConfigurations = (
				6736E6D128927BB40031E15D /* Debug */,
				6736E6D228927BB40031E15D /* Release */,
			);
			defaultConfigurationIsVisible = 0;
			defaultConfigurationName = Release;
		};
		6736E6D328927BB40031E15D /* Build configuration list for PBXNativeTarget "BillReminder" */ = {
			isa = XCConfigurationList;
			buildConfigurations = (
				6736E6D428927BB40031E15D /* Debug */,
				6736E6D528927BB40031E15D /* Release */,
			);
			defaultConfigurationIsVisible = 0;
			defaultConfigurationName = Release;
		};
/* End XCConfigurationList section */

/* Begin XCVersionGroup section */
		6736E6CE28927BB40031E15D /* BillReminder.xcdatamodeld */ = {
			isa = XCVersionGroup;
			children = (
				6736E6CF28927BB40031E15D /* BillReminder.xcdatamodel */,
			);
			currentVersion = 6736E6CF28927BB40031E15D /* BillReminder.xcdatamodel */;
			path = BillReminder.xcdatamodeld;
			sourceTree = "<group>";
			versionGroupType = wrapper.xcdatamodel;
		};
/* End XCVersionGroup section */
	};
	rootObject = 6736E6B828927BB30031E15D /* Project object */;
}
